
Microsoft Visual Studio Solution File, Format Version 12.00
# Visual Studio Version 17
VisualStudioVersion = 17.8.34322.80
MinimumVisualStudioVersion = 10.0.40219.1
Project("{9A19103F-16F7-4668-BE54-9A1E7A4F7556}") = "CMe", "CMe\CMe.csproj", "{2C6AF510-64D3-4957-89A8-AB1952B087CA}"
EndProject
Project("{9A19103F-16F7-4668-BE54-9A1E7A4F7556}") = "Tests", "Tests\Tests.csproj", "{4FFC2910-64CD-40A5-8101-B13119B9D296}"
EndProject
Global
	GlobalSection(SolutionConfigurationPlatforms) = preSolution
		Debug|Any CPU = Debug|Any CPU
		Release|Any CPU = Release|Any CPU
	EndGlobalSection
	GlobalSection(ProjectConfigurationPlatforms) = postSolution
		{2C6AF510-64D3-4957-89A8-AB1952B087CA}.Debug|Any CPU.ActiveCfg = Debug|Any CPU
		{2C6AF510-64D3-4957-89A8-AB1952B087CA}.Debug|Any CPU.Build.0 = Debug|Any CPU
		{2C6AF510-64D3-4957-89A8-AB1952B087CA}.Release|Any CPU.ActiveCfg = Release|Any CPU
		{2C6AF510-64D3-4957-89A8-AB1952B087CA}.Release|Any CPU.Build.0 = Release|Any CPU
		{4FFC2910-64CD-40A5-8101-B13119B9D296}.Debug|Any CPU.ActiveCfg = Debug|Any CPU
		{4FFC2910-64CD-40A5-8101-B13119B9D296}.Debug|Any CPU.Build.0 = Debug|Any CPU
		{4FFC2910-64CD-40A5-8101-B13119B9D296}.Release|Any CPU.ActiveCfg = Release|Any CPU
		{4FFC2910-64CD-40A5-8101-B13119B9D296}.Release|Any CPU.Build.0 = Release|Any CPU
	EndGlobalSection
	GlobalSection(SolutionProperties) = preSolution
		HideSolutionNode = FALSE
	EndGlobalSection
	GlobalSection(ExtensibilityGlobals) = postSolution
		SolutionGuid = {028706DF-54CA-4C8D-A4E7-037F2D01E0FC}
	EndGlobalSection
EndGlobal
